
Microsoft Visual Studio Solution File, Format Version 11.00
# Visual Studio 2010
# SharpDevelop 4.4
Project("{2150E333-8FDC-42A3-9474-1A3956D46DE8}") = "Компоненты решения", "Компоненты решения", "{98FDEEE5-B523-4459-AE8A-B1DDCDD91F00}"
	ProjectSection(SolutionItems) = postProject
		..\..\Users\Admin\Desktop\КНИГИ для ПО\пдд\1.jpg = ..\..\Users\Admin\Desktop\КНИГИ для ПО\пдд\1.jpg
		..\..\Users\Admin\Desktop\КНИГИ для ПО\пдд\2.jpg = ..\..\Users\Admin\Desktop\КНИГИ для ПО\пдд\2.jpg
		..\..\Users\Admin\Desktop\КНИГИ для ПО\пдд\36.jpg = ..\..\Users\Admin\Desktop\КНИГИ для ПО\пдд\36.jpg
		..\..\Users\Admin\Desktop\КНИГИ для ПО\пдд\45.JPG = ..\..\Users\Admin\Desktop\КНИГИ для ПО\пдд\45.JPG
		..\..\Users\Admin\Desktop\КНИГИ для ПО\пдд\21.jpg = ..\..\Users\Admin\Desktop\КНИГИ для ПО\пдд\21.jpg
		..\..\Users\Admin\Desktop\КНИГИ для ПО\пдд\22.jpg = ..\..\Users\Admin\Desktop\КНИГИ для ПО\пдд\22.jpg
		..\..\Users\Admin\Desktop\КНИГИ для ПО\пдд\12.jpg = ..\..\Users\Admin\Desktop\КНИГИ для ПО\пдд\12.jpg
		..\..\Users\Admin\Desktop\КНИГИ для ПО\пдд\18.jpg = ..\..\Users\Admin\Desktop\КНИГИ для ПО\пдд\18.jpg
		..\..\Users\Admin\Desktop\КНИГИ для ПО\пдд\32.jpg = ..\..\Users\Admin\Desktop\КНИГИ для ПО\пдд\32.jpg
		..\..\Users\Admin\Desktop\КНИГИ для ПО\пдд\38.jpeg = ..\..\Users\Admin\Desktop\КНИГИ для ПО\пдд\38.jpeg
		..\..\Users\Admin\Desktop\КНИГИ для ПО\пдд\39.jpg = ..\..\Users\Admin\Desktop\КНИГИ для ПО\пдд\39.jpg
		..\..\Users\Admin\Desktop\КНИГИ для ПО\пдд\41.jpg = ..\..\Users\Admin\Desktop\КНИГИ для ПО\пдд\41.jpg
		..\..\Users\Admin\Desktop\КНИГИ для ПО\пдд\15.jpg = ..\..\Users\Admin\Desktop\КНИГИ для ПО\пдд\15.jpg
		..\..\Users\Admin\Desktop\КНИГИ для ПО\пдд\16.jpg = ..\..\Users\Admin\Desktop\КНИГИ для ПО\пдд\16.jpg
		..\..\Users\Admin\Desktop\КНИГИ для ПО\пдд\17.jpg = ..\..\Users\Admin\Desktop\КНИГИ для ПО\пдд\17.jpg
		..\..\Users\Admin\Desktop\КНИГИ для ПО\пдд\34.jpg = ..\..\Users\Admin\Desktop\КНИГИ для ПО\пдд\34.jpg
		..\..\Users\Admin\Desktop\КНИГИ для ПО\пдд\42.jpg = ..\..\Users\Admin\Desktop\КНИГИ для ПО\пдд\42.jpg
		..\..\Users\Admin\Desktop\КНИГИ для ПО\пдд\44.jpg = ..\..\Users\Admin\Desktop\КНИГИ для ПО\пдд\44.jpg
		..\..\Users\Admin\Desktop\КНИГИ для ПО\пдд\46.jpg = ..\..\Users\Admin\Desktop\КНИГИ для ПО\пдд\46.jpg
		..\..\Users\Admin\Desktop\КНИГИ для ПО\пдд\14.jpg = ..\..\Users\Admin\Desktop\КНИГИ для ПО\пдд\14.jpg
		..\..\Users\Admin\Desktop\КНИГИ для ПО\пдд\25.jpg = ..\..\Users\Admin\Desktop\КНИГИ для ПО\пдд\25.jpg
		..\..\Users\Admin\Desktop\КНИГИ для ПО\пдд\26.jpg = ..\..\Users\Admin\Desktop\КНИГИ для ПО\пдд\26.jpg
		..\..\Users\Admin\Desktop\КНИГИ для ПО\пдд\29.jpg = ..\..\Users\Admin\Desktop\КНИГИ для ПО\пдд\29.jpg
		..\..\Users\Admin\Desktop\КНИГИ для ПО\пдд\30.jpg = ..\..\Users\Admin\Desktop\КНИГИ для ПО\пдд\30.jpg
		..\..\Users\Admin\Desktop\КНИГИ для ПО\пдд\43.JPG = ..\..\Users\Admin\Desktop\КНИГИ для ПО\пдд\43.JPG
		..\..\Users\Admin\Desktop\КНИГИ для ПО\пдд\19.jpg = ..\..\Users\Admin\Desktop\КНИГИ для ПО\пдд\19.jpg
		..\..\Users\Admin\Desktop\КНИГИ для ПО\пдд\23.jpg = ..\..\Users\Admin\Desktop\КНИГИ для ПО\пдд\23.jpg
		..\..\Users\Admin\Desktop\КНИГИ для ПО\пдд\28.jpg = ..\..\Users\Admin\Desktop\КНИГИ для ПО\пдд\28.jpg
		..\..\Users\Admin\Desktop\КНИГИ для ПО\пдд\57.jpg = ..\..\Users\Admin\Desktop\КНИГИ для ПО\пдд\57.jpg
		..\..\Users\Admin\Desktop\КНИГИ для ПО\пдд\68.jpg = ..\..\Users\Admin\Desktop\КНИГИ для ПО\пдд\68.jpg
		..\..\Users\Admin\Desktop\КНИГИ для ПО\пдд\69.jpg = ..\..\Users\Admin\Desktop\КНИГИ для ПО\пдд\69.jpg
		..\..\Users\Admin\Desktop\КНИГИ для ПО\пдд\8.jpeg = ..\..\Users\Admin\Desktop\КНИГИ для ПО\пдд\8.jpeg
		..\..\Users\Admin\Desktop\КНИГИ для ПО\пдд\55.jpg = ..\..\Users\Admin\Desktop\КНИГИ для ПО\пдд\55.jpg
		..\..\Users\Admin\Desktop\КНИГИ для ПО\пдд\71.JPG = ..\..\Users\Admin\Desktop\КНИГИ для ПО\пдд\71.JPG
		..\..\Users\Admin\Desktop\КНИГИ для ПО\пдд\77.jpeg = ..\..\Users\Admin\Desktop\КНИГИ для ПО\пдд\77.jpeg
		..\..\Users\Admin\Desktop\КНИГИ для ПО\пдд\81.jpg = ..\..\Users\Admin\Desktop\КНИГИ для ПО\пдд\81.jpg
		..\..\Users\Admin\Desktop\КНИГИ для ПО\пдд\84.jpg = ..\..\Users\Admin\Desktop\КНИГИ для ПО\пдд\84.jpg
		..\..\Users\Admin\Desktop\КНИГИ для ПО\пдд\7.jpg = ..\..\Users\Admin\Desktop\КНИГИ для ПО\пдд\7.jpg
		..\..\Users\Admin\Desktop\КНИГИ для ПО\пдд\80.jpg = ..\..\Users\Admin\Desktop\КНИГИ для ПО\пдд\80.jpg
		..\..\Users\Admin\Desktop\КНИГИ для ПО\пдд\88.jpeg = ..\..\Users\Admin\Desktop\КНИГИ для ПО\пдд\88.jpeg
		..\..\Users\Admin\Desktop\КНИГИ для ПО\пдд\89.jpg = ..\..\Users\Admin\Desktop\КНИГИ для ПО\пдд\89.jpg
		..\..\Users\Admin\Desktop\КНИГИ для ПО\пдд\96.JPG = ..\..\Users\Admin\Desktop\КНИГИ для ПО\пдд\96.JPG
		..\..\Users\Admin\Desktop\КНИГИ для ПО\пдд\109.jpeg = ..\..\Users\Admin\Desktop\КНИГИ для ПО\пдд\109.jpeg
		..\..\Users\Admin\Desktop\КНИГИ для ПО\пдд\82.jpg = ..\..\Users\Admin\Desktop\КНИГИ для ПО\пдд\82.jpg
		..\..\Users\Admin\Desktop\КНИГИ для ПО\пдд\85.jpg = ..\..\Users\Admin\Desktop\КНИГИ для ПО\пдд\85.jpg
		..\..\Users\Admin\Desktop\КНИГИ для ПО\пдд\93.jpg = ..\..\Users\Admin\Desktop\КНИГИ для ПО\пдд\93.jpg
		..\..\Users\Admin\Desktop\КНИГИ для ПО\пдд\108.jpeg = ..\..\Users\Admin\Desktop\КНИГИ для ПО\пдд\108.jpeg
		..\..\Users\Admin\Desktop\КНИГИ для ПО\пдд\123.jpeg = ..\..\Users\Admin\Desktop\КНИГИ для ПО\пдд\123.jpeg
		..\..\Users\Admin\Desktop\КНИГИ для ПО\пдд\131.png = ..\..\Users\Admin\Desktop\КНИГИ для ПО\пдд\131.png
		..\..\Users\Admin\Desktop\КНИГИ для ПО\пдд\74.jpg = ..\..\Users\Admin\Desktop\КНИГИ для ПО\пдд\74.jpg
		..\..\Users\Admin\Desktop\КНИГИ для ПО\пдд\90.jpg = ..\..\Users\Admin\Desktop\КНИГИ для ПО\пдд\90.jpg
		..\..\Users\Admin\Desktop\КНИГИ для ПО\пдд\91.jpg = ..\..\Users\Admin\Desktop\КНИГИ для ПО\пдд\91.jpg
		..\..\Users\Admin\Desktop\КНИГИ для ПО\пдд\92.jpg = ..\..\Users\Admin\Desktop\КНИГИ для ПО\пдд\92.jpg
		..\..\Users\Admin\Desktop\КНИГИ для ПО\пдд\99.jpg = ..\..\Users\Admin\Desktop\КНИГИ для ПО\пдд\99.jpg
		..\..\Users\Admin\Desktop\КНИГИ для ПО\пдд\132.jpg = ..\..\Users\Admin\Desktop\КНИГИ для ПО\пдд\132.jpg
		..\..\Users\Admin\Desktop\КНИГИ для ПО\пдд\11.jpg = ..\..\Users\Admin\Desktop\КНИГИ для ПО\пдд\11.jpg
		..\..\Users\Admin\Desktop\КНИГИ для ПО\пдд\79.jpeg = ..\..\Users\Admin\Desktop\КНИГИ для ПО\пдд\79.jpeg
		..\..\Users\Admin\Desktop\КНИГИ для ПО\пдд\86.jpg = ..\..\Users\Admin\Desktop\КНИГИ для ПО\пдд\86.jpg
		..\..\Users\Admin\Desktop\КНИГИ для ПО\пдд\94.jpg = ..\..\Users\Admin\Desktop\КНИГИ для ПО\пдд\94.jpg
		..\..\Users\Admin\Desktop\КНИГИ для ПО\пдд\97.jpg = ..\..\Users\Admin\Desktop\КНИГИ для ПО\пдд\97.jpg
		..\..\Users\Admin\Desktop\КНИГИ для ПО\пдд\104.jpg = ..\..\Users\Admin\Desktop\КНИГИ для ПО\пдд\104.jpg
		..\..\Users\Admin\Desktop\КНИГИ для ПО\пдд\53.jpg = ..\..\Users\Admin\Desktop\КНИГИ для ПО\пдд\53.jpg
		..\..\Users\Admin\Desktop\КНИГИ для ПО\пдд\100.jpg = ..\..\Users\Admin\Desktop\КНИГИ для ПО\пдд\100.jpg
		..\..\Users\Admin\Desktop\КНИГИ для ПО\пдд\110.jpg = ..\..\Users\Admin\Desktop\КНИГИ для ПО\пдд\110.jpg
		..\..\Users\Admin\Desktop\КНИГИ для ПО\пдд\121.jpg = ..\..\Users\Admin\Desktop\КНИГИ для ПО\пдд\121.jpg
		..\..\Users\Admin\Desktop\КНИГИ для ПО\пдд\122.jpg = ..\..\Users\Admin\Desktop\КНИГИ для ПО\пдд\122.jpg
		..\..\Users\Admin\Desktop\КНИГИ для ПО\пдд\125.jpg = ..\..\Users\Admin\Desktop\КНИГИ для ПО\пдд\125.jpg
		..\..\Users\Admin\Desktop\КНИГИ для ПО\пдд\126.jpg = ..\..\Users\Admin\Desktop\КНИГИ для ПО\пдд\126.jpg
		..\..\Users\Admin\Desktop\КНИГИ для ПО\пдд\141.jpg = ..\..\Users\Admin\Desktop\КНИГИ для ПО\пдд\141.jpg
		..\..\Users\Admin\Desktop\КНИГИ для ПО\пдд\142.jpg = ..\..\Users\Admin\Desktop\КНИГИ для ПО\пдд\142.jpg
		..\..\Users\Admin\Desktop\КНИГИ для ПО\пдд\147.jpg = ..\..\Users\Admin\Desktop\КНИГИ для ПО\пдд\147.jpg
		..\..\Users\Admin\Desktop\КНИГИ для ПО\пдд\148.jpg = ..\..\Users\Admin\Desktop\КНИГИ для ПО\пдд\148.jpg
		..\..\Users\Admin\Desktop\КНИГИ для ПО\пдд\150.jpg = ..\..\Users\Admin\Desktop\КНИГИ для ПО\пдд\150.jpg
		..\..\Users\Admin\Desktop\КНИГИ для ПО\пдд\120.jpeg = ..\..\Users\Admin\Desktop\КНИГИ для ПО\пдд\120.jpeg
		..\..\Users\Admin\Desktop\КНИГИ для ПО\пдд\140.jpg = ..\..\Users\Admin\Desktop\КНИГИ для ПО\пдд\140.jpg
		..\..\Users\Admin\Desktop\КНИГИ для ПО\пдд\143.jpg = ..\..\Users\Admin\Desktop\КНИГИ для ПО\пдд\143.jpg
		..\..\Users\Admin\Desktop\КНИГИ для ПО\пдд\144.jpg = ..\..\Users\Admin\Desktop\КНИГИ для ПО\пдд\144.jpg
		..\..\Users\Admin\Desktop\КНИГИ для ПО\пдд\145.jpg = ..\..\Users\Admin\Desktop\КНИГИ для ПО\пдд\145.jpg
		..\..\Users\Admin\Desktop\КНИГИ для ПО\пдд\146.jpg = ..\..\Users\Admin\Desktop\КНИГИ для ПО\пдд\146.jpg
		..\..\Users\Admin\Desktop\КНИГИ для ПО\пдд\149.jpg = ..\..\Users\Admin\Desktop\КНИГИ для ПО\пдд\149.jpg
		..\..\Users\Admin\Desktop\КНИГИ для ПО\пдд\51.jpg = ..\..\Users\Admin\Desktop\КНИГИ для ПО\пдд\51.jpg
		..\..\Users\Admin\Desktop\КНИГИ для ПО\пдд\54.jpg = ..\..\Users\Admin\Desktop\КНИГИ для ПО\пдд\54.jpg
		..\..\Users\Admin\Desktop\КНИГИ для ПО\пдд\56.jpg = ..\..\Users\Admin\Desktop\КНИГИ для ПО\пдд\56.jpg
		..\..\Users\Admin\Desktop\КНИГИ для ПО\пдд\58.jpg = ..\..\Users\Admin\Desktop\КНИГИ для ПО\пдд\58.jpg
		..\..\Users\Admin\Desktop\КНИГИ для ПО\пдд\61.jpg = ..\..\Users\Admin\Desktop\КНИГИ для ПО\пдд\61.jpg
		..\..\Users\Admin\Desktop\КНИГИ для ПО\пдд\66.jpg = ..\..\Users\Admin\Desktop\КНИГИ для ПО\пдд\66.jpg
		..\..\Users\Admin\Desktop\КНИГИ для ПО\пдд\62.jpg = ..\..\Users\Admin\Desktop\КНИГИ для ПО\пдд\62.jpg
		..\..\Users\Admin\Desktop\КНИГИ для ПО\пдд\65.jpg = ..\..\Users\Admin\Desktop\КНИГИ для ПО\пдд\65.jpg
		..\..\Users\Admin\Desktop\КНИГИ для ПО\пдд\70.jpg = ..\..\Users\Admin\Desktop\КНИГИ для ПО\пдд\70.jpg
		..\..\Users\Admin\Desktop\КНИГИ для ПО\пдд\72.jpg = ..\..\Users\Admin\Desktop\КНИГИ для ПО\пдд\72.jpg
		..\..\Users\Admin\Desktop\КНИГИ для ПО\пдд\73.jpeg = ..\..\Users\Admin\Desktop\КНИГИ для ПО\пдд\73.jpeg
		..\..\Users\Admin\Desktop\КНИГИ для ПО\пдд\78.jpeg = ..\..\Users\Admin\Desktop\КНИГИ для ПО\пдд\78.jpeg
		..\..\Users\Admin\Desktop\КНИГИ для ПО\пдд\63.jpeg = ..\..\Users\Admin\Desktop\КНИГИ для ПО\пдд\63.jpeg
		..\..\Users\Admin\Desktop\КНИГИ для ПО\пдд\83.jpg = ..\..\Users\Admin\Desktop\КНИГИ для ПО\пдд\83.jpg
		..\..\Users\Admin\Desktop\КНИГИ для ПО\пдд\105.jpg = ..\..\Users\Admin\Desktop\КНИГИ для ПО\пдд\105.jpg
		..\..\Users\Admin\Desktop\КНИГИ для ПО\пдд\111.jpg = ..\..\Users\Admin\Desktop\КНИГИ для ПО\пдд\111.jpg
		..\..\Users\Admin\Desktop\КНИГИ для ПО\пдд\113.jpg = ..\..\Users\Admin\Desktop\КНИГИ для ПО\пдд\113.jpg
		..\..\Users\Admin\Desktop\КНИГИ для ПО\пдд\115.jpg = ..\..\Users\Admin\Desktop\КНИГИ для ПО\пдд\115.jpg
		..\..\Users\Admin\Desktop\КНИГИ для ПО\пдд\52.jpg = ..\..\Users\Admin\Desktop\КНИГИ для ПО\пдд\52.jpg
		..\..\Users\Admin\Desktop\КНИГИ для ПО\пдд\75.jpg = ..\..\Users\Admin\Desktop\КНИГИ для ПО\пдд\75.jpg
		..\..\Users\Admin\Desktop\КНИГИ для ПО\пдд\98.jpg = ..\..\Users\Admin\Desktop\КНИГИ для ПО\пдд\98.jpg
		..\..\Users\Admin\Desktop\КНИГИ для ПО\пдд\112.jpg = ..\..\Users\Admin\Desktop\КНИГИ для ПО\пдд\112.jpg
		..\..\Users\Admin\Desktop\КНИГИ для ПО\пдд\117.jpg = ..\..\Users\Admin\Desktop\КНИГИ для ПО\пдд\117.jpg
		..\..\Users\Admin\Desktop\КНИГИ для ПО\пдд\119.jpg = ..\..\Users\Admin\Desktop\КНИГИ для ПО\пдд\119.jpg
		..\..\Users\Admin\Desktop\КНИГИ для ПО\ЗНАКИ\01.png = ..\..\Users\Admin\Desktop\КНИГИ для ПО\ЗНАКИ\01.png
		..\..\Users\Admin\Desktop\КНИГИ для ПО\ЗНАКИ\02.jpeg = ..\..\Users\Admin\Desktop\КНИГИ для ПО\ЗНАКИ\02.jpeg
		..\..\Users\Admin\Desktop\КНИГИ для ПО\ЗНАКИ\03.jpg = ..\..\Users\Admin\Desktop\КНИГИ для ПО\ЗНАКИ\03.jpg
		..\..\Users\Admin\Desktop\КНИГИ для ПО\ЗНАКИ\04.jpeg = ..\..\Users\Admin\Desktop\КНИГИ для ПО\ЗНАКИ\04.jpeg
		..\..\Users\Admin\Desktop\КНИГИ для ПО\ЗНАКИ\05.jpg = ..\..\Users\Admin\Desktop\КНИГИ для ПО\ЗНАКИ\05.jpg
		..\..\Users\Admin\Desktop\КНИГИ для ПО\ЗНАКИ\5.15.4_B_«Начало-полосы».png = ..\..\Users\Admin\Desktop\КНИГИ для ПО\ЗНАКИ\5.15.4_B_«Начало-полосы».png
		..\..\Users\Admin\Desktop\КНИГИ для ПО\ЗНАКИ\5.15.7_C.jpg = ..\..\Users\Admin\Desktop\КНИГИ для ПО\ЗНАКИ\5.15.7_C.jpg
		..\..\Users\Admin\Desktop\КНИГИ для ПО\ЗНАКИ\5.18.1_(Road_sign).svg.png = ..\..\Users\Admin\Desktop\КНИГИ для ПО\ЗНАКИ\5.18.1_(Road_sign).svg.png
		..\..\Users\Admin\Desktop\КНИГИ для ПО\ЗНАКИ\5_20_2.gif = ..\..\Users\Admin\Desktop\КНИГИ для ПО\ЗНАКИ\5_20_2.gif
		..\..\Users\Admin\Desktop\КНИГИ для ПО\ЗНАКИ\06.jpg = ..\..\Users\Admin\Desktop\КНИГИ для ПО\ЗНАКИ\06.jpg
		..\..\Users\Admin\Desktop\КНИГИ для ПО\ЗНАКИ\6.8.11.png = ..\..\Users\Admin\Desktop\КНИГИ для ПО\ЗНАКИ\6.8.11.png
		..\..\Users\Admin\Desktop\КНИГИ для ПО\ЗНАКИ\07.jpg = ..\..\Users\Admin\Desktop\КНИГИ для ПО\ЗНАКИ\07.jpg
		..\..\Users\Admin\Desktop\КНИГИ для ПО\ЗНАКИ\7.7.jpg = ..\..\Users\Admin\Desktop\КНИГИ для ПО\ЗНАКИ\7.7.jpg
		..\..\Users\Admin\Desktop\КНИГИ для ПО\ЗНАКИ\08.jpg = ..\..\Users\Admin\Desktop\КНИГИ для ПО\ЗНАКИ\08.jpg
		..\..\Users\Admin\Desktop\КНИГИ для ПО\ЗНАКИ\09.png = ..\..\Users\Admin\Desktop\КНИГИ для ПО\ЗНАКИ\09.png
		..\..\Users\Admin\Desktop\КНИГИ для ПО\ЗНАКИ\010.jpeg = ..\..\Users\Admin\Desktop\КНИГИ для ПО\ЗНАКИ\010.jpeg
		..\..\Users\Admin\Desktop\КНИГИ для ПО\ЗНАКИ\11.jpg = ..\..\Users\Admin\Desktop\КНИГИ для ПО\ЗНАКИ\11.jpg
		..\..\Users\Admin\Desktop\КНИГИ для ПО\ЗНАКИ\012.jpg = ..\..\Users\Admin\Desktop\КНИГИ для ПО\ЗНАКИ\012.jpg
		..\..\Users\Admin\Desktop\КНИГИ для ПО\ЗНАКИ\013.png = ..\..\Users\Admin\Desktop\КНИГИ для ПО\ЗНАКИ\013.png
		..\..\Users\Admin\Desktop\КНИГИ для ПО\ЗНАКИ\014.jpg = ..\..\Users\Admin\Desktop\КНИГИ для ПО\ЗНАКИ\014.jpg
		..\..\Users\Admin\Desktop\КНИГИ для ПО\ЗНАКИ\015.png = ..\..\Users\Admin\Desktop\КНИГИ для ПО\ЗНАКИ\015.png
		..\..\Users\Admin\Desktop\КНИГИ для ПО\ЗНАКИ\016.png = ..\..\Users\Admin\Desktop\КНИГИ для ПО\ЗНАКИ\016.png
		..\..\Users\Admin\Desktop\КНИГИ для ПО\ЗНАКИ\017.png = ..\..\Users\Admin\Desktop\КНИГИ для ПО\ЗНАКИ\017.png
		..\..\Users\Admin\Desktop\КНИГИ для ПО\ЗНАКИ\018.jpeg = ..\..\Users\Admin\Desktop\КНИГИ для ПО\ЗНАКИ\018.jpeg
		..\..\Users\Admin\Desktop\КНИГИ для ПО\ЗНАКИ\020.jpeg = ..\..\Users\Admin\Desktop\КНИГИ для ПО\ЗНАКИ\020.jpeg
		..\..\Users\Admin\Desktop\КНИГИ для ПО\ЗНАКИ\021.jpg = ..\..\Users\Admin\Desktop\КНИГИ для ПО\ЗНАКИ\021.jpg
		..\..\Users\Admin\Desktop\КНИГИ для ПО\ЗНАКИ\022.jpg = ..\..\Users\Admin\Desktop\КНИГИ для ПО\ЗНАКИ\022.jpg
		..\..\Users\Admin\Desktop\КНИГИ для ПО\ЗНАКИ\023.jpeg = ..\..\Users\Admin\Desktop\КНИГИ для ПО\ЗНАКИ\023.jpeg
		..\..\Users\Admin\Desktop\КНИГИ для ПО\ЗНАКИ\024.jpg = ..\..\Users\Admin\Desktop\КНИГИ для ПО\ЗНАКИ\024.jpg
		..\..\Users\Admin\Desktop\КНИГИ для ПО\ЗНАКИ\025.png = ..\..\Users\Admin\Desktop\КНИГИ для ПО\ЗНАКИ\025.png
		..\..\Users\Admin\Desktop\КНИГИ для ПО\ЗНАКИ\026.jpg = ..\..\Users\Admin\Desktop\КНИГИ для ПО\ЗНАКИ\026.jpg
		..\..\Users\Admin\Desktop\КНИГИ для ПО\ЗНАКИ\027.png = ..\..\Users\Admin\Desktop\КНИГИ для ПО\ЗНАКИ\027.png
		..\..\Users\Admin\Desktop\КНИГИ для ПО\ЗНАКИ\029.jpg = ..\..\Users\Admin\Desktop\КНИГИ для ПО\ЗНАКИ\029.jpg
		..\..\Users\Admin\Desktop\КНИГИ для ПО\ЗНАКИ\032.jpeg = ..\..\Users\Admin\Desktop\КНИГИ для ПО\ЗНАКИ\032.jpeg
		..\..\Users\Admin\Desktop\КНИГИ для ПО\ЗНАКИ\033.jpg = ..\..\Users\Admin\Desktop\КНИГИ для ПО\ЗНАКИ\033.jpg
		..\..\Users\Admin\Desktop\КНИГИ для ПО\ЗНАКИ\034.png = ..\..\Users\Admin\Desktop\КНИГИ для ПО\ЗНАКИ\034.png
		..\..\Users\Admin\Desktop\КНИГИ для ПО\ЗНАКИ\036.png = ..\..\Users\Admin\Desktop\КНИГИ для ПО\ЗНАКИ\036.png
		..\..\Users\Admin\Desktop\КНИГИ для ПО\ЗНАКИ\037.jpeg = ..\..\Users\Admin\Desktop\КНИГИ для ПО\ЗНАКИ\037.jpeg
		..\..\Users\Admin\Desktop\КНИГИ для ПО\ЗНАКИ\038.jpeg = ..\..\Users\Admin\Desktop\КНИГИ для ПО\ЗНАКИ\038.jpeg
		..\..\Users\Admin\Desktop\КНИГИ для ПО\ЗНАКИ\040.jpeg = ..\..\Users\Admin\Desktop\КНИГИ для ПО\ЗНАКИ\040.jpeg
		..\..\Users\Admin\Desktop\КНИГИ для ПО\ЗНАКИ\041.png = ..\..\Users\Admin\Desktop\КНИГИ для ПО\ЗНАКИ\041.png
		..\..\Users\Admin\Desktop\КНИГИ для ПО\ЗНАКИ\044.jpg = ..\..\Users\Admin\Desktop\КНИГИ для ПО\ЗНАКИ\044.jpg
	EndProjectSection
EndProject
Project("{FAE04EC0-301F-11D3-BF4B-00C04F79EFBC}") = "Правила дорожного движения для детей", "Правила дорожного движения для детей\Правила дорожного движения для детей.csproj", "{9213BFC0-D117-4CDE-8AE4-863EDDAAFA10}"
EndProject
Global
	GlobalSection(SolutionConfigurationPlatforms) = preSolution
		Debug|Any CPU = Debug|Any CPU
		Release|Any CPU = Release|Any CPU
	EndGlobalSection
	GlobalSection(ProjectConfigurationPlatforms) = postSolution
		{9213BFC0-D117-4CDE-8AE4-863EDDAAFA10}.Debug|Any CPU.Build.0 = Debug|Any CPU
		{9213BFC0-D117-4CDE-8AE4-863EDDAAFA10}.Debug|Any CPU.ActiveCfg = Debug|Any CPU
		{9213BFC0-D117-4CDE-8AE4-863EDDAAFA10}.Release|Any CPU.Build.0 = Release|Any CPU
		{9213BFC0-D117-4CDE-8AE4-863EDDAAFA10}.Release|Any CPU.ActiveCfg = Release|Any CPU
	EndGlobalSection
EndGlobal
